// !$*UTF8*$!
{
	archiveVersion = 1;
	classes = {
	};
	objectVersion = 56;
	objects = {

/* Begin PBXBuildFile section */
		211C26232A2E525E00D57303 /* DoggieGalleryApp.swift in Sources */ = {isa = PBXBuildFile; fileRef = 211C26222A2E525E00D57303 /* DoggieGalleryApp.swift */; };
		211C26272A2E526400D57303 /* Assets.xcassets in Resources */ = {isa = PBXBuildFile; fileRef = 211C26262A2E526400D57303 /* Assets.xcassets */; };
		211C262A2A2E526400D57303 /* Preview Assets.xcassets in Resources */ = {isa = PBXBuildFile; fileRef = 211C26292A2E526400D57303 /* Preview Assets.xcassets */; };
		211C26342A2E64FF00D57303 /* TabBarView.swift in Sources */ = {isa = PBXBuildFile; fileRef = 211C26332A2E64FF00D57303 /* TabBarView.swift */; };
		211C26362A2E651E00D57303 /* BreedListView.swift in Sources */ = {isa = PBXBuildFile; fileRef = 211C26352A2E651E00D57303 /* BreedListView.swift */; };
		211C26382A2E711300D57303 /* FavoriteListView.swift in Sources */ = {isa = PBXBuildFile; fileRef = 211C26372A2E711300D57303 /* FavoriteListView.swift */; };
		211C263A2A2E801C00D57303 /* BreedAPIModels.swift in Sources */ = {isa = PBXBuildFile; fileRef = 211C26392A2E801C00D57303 /* BreedAPIModels.swift */; };
		211C263C2A2E8A0300D57303 /* BreedListViewModel.swift in Sources */ = {isa = PBXBuildFile; fileRef = 211C263B2A2E8A0300D57303 /* BreedListViewModel.swift */; };
		211C263E2A2E8E9600D57303 /* BreedDetailView.swift in Sources */ = {isa = PBXBuildFile; fileRef = 211C263D2A2E8E9600D57303 /* BreedDetailView.swift */; };
		21E91D122A2EC4BE00FF95F2 /* BreedDetailViewModel.swift in Sources */ = {isa = PBXBuildFile; fileRef = 21E91D112A2EC4BE00FF95F2 /* BreedDetailViewModel.swift */; };
		21E91D142A2F38FA00FF95F2 /* FavoriteListViewModel.swift in Sources */ = {isa = PBXBuildFile; fileRef = 21E91D132A2F38FA00FF95F2 /* FavoriteListViewModel.swift */; };
/* End PBXBuildFile section */

/* Begin PBXFileReference section */
		211C261F2A2E525E00D57303 /* DoggieGallery.app */ = {isa = PBXFileReference; explicitFileType = wrapper.application; includeInIndex = 0; path = DoggieGallery.app; sourceTree = BUILT_PRODUCTS_DIR; };
		211C26222A2E525E00D57303 /* DoggieGalleryApp.swift */ = {isa = PBXFileReference; lastKnownFileType = sourcecode.swift; path = DoggieGalleryApp.swift; sourceTree = "<group>"; };
		211C26262A2E526400D57303 /* Assets.xcassets */ = {isa = PBXFileReference; lastKnownFileType = folder.assetcatalog; path = Assets.xcassets; sourceTree = "<group>"; };
		211C26292A2E526400D57303 /* Preview Assets.xcassets */ = {isa = PBXFileReference; lastKnownFileType = folder.assetcatalog; path = "Preview Assets.xcassets"; sourceTree = "<group>"; };
		211C26332A2E64FF00D57303 /* TabBarView.swift */ = {isa = PBXFileReference; lastKnownFileType = sourcecode.swift; path = TabBarView.swift; sourceTree = "<group>"; };
		211C26352A2E651E00D57303 /* BreedListView.swift */ = {isa = PBXFileReference; lastKnownFileType = sourcecode.swift; path = BreedListView.swift; sourceTree = "<group>"; };
		211C26372A2E711300D57303 /* FavoriteListView.swift */ = {isa = PBXFileReference; lastKnownFileType = sourcecode.swift; path = FavoriteListView.swift; sourceTree = "<group>"; };
		211C26392A2E801C00D57303 /* BreedAPIModels.swift */ = {isa = PBXFileReference; lastKnownFileType = sourcecode.swift; path = BreedAPIModels.swift; sourceTree = "<group>"; };
		211C263B2A2E8A0300D57303 /* BreedListViewModel.swift */ = {isa = PBXFileReference; lastKnownFileType = sourcecode.swift; path = BreedListViewModel.swift; sourceTree = "<group>"; };
		211C263D2A2E8E9600D57303 /* BreedDetailView.swift */ = {isa = PBXFileReference; lastKnownFileType = sourcecode.swift; path = BreedDetailView.swift; sourceTree = "<group>"; };
		21E91D112A2EC4BE00FF95F2 /* BreedDetailViewModel.swift */ = {isa = PBXFileReference; lastKnownFileType = sourcecode.swift; path = BreedDetailViewModel.swift; sourceTree = "<group>"; };
		21E91D132A2F38FA00FF95F2 /* FavoriteListViewModel.swift */ = {isa = PBXFileReference; lastKnownFileType = sourcecode.swift; path = FavoriteListViewModel.swift; sourceTree = "<group>"; };
/* End PBXFileReference section */

/* Begin PBXFrameworksBuildPhase section */
		211C261C2A2E525E00D57303 /* Frameworks */ = {
			isa = PBXFrameworksBuildPhase;
			buildActionMask = 2147483647;
			files = (
			);
			runOnlyForDeploymentPostprocessing = 0;
		};
/* End PBXFrameworksBuildPhase section */

/* Begin PBXGroup section */
		211C26162A2E525E00D57303 = {
			isa = PBXGroup;
			children = (
				211C26212A2E525E00D57303 /* DoggieGallery */,
				211C26202A2E525E00D57303 /* Products */,
			);
			sourceTree = "<group>";
		};
		211C26202A2E525E00D57303 /* Products */ = {
			isa = PBXGroup;
			children = (
				211C261F2A2E525E00D57303 /* DoggieGallery.app */,
			);
			name = Products;
			sourceTree = "<group>";
		};
		211C26212A2E525E00D57303 /* DoggieGallery */ = {
			isa = PBXGroup;
			children = (
				211C26302A2E645500D57303 /* Models */,
				211C26322A2E64AA00D57303 /* ViewModels */,
				211C26312A2E64A200D57303 /* Views */,
				211C26222A2E525E00D57303 /* DoggieGalleryApp.swift */,
				211C26262A2E526400D57303 /* Assets.xcassets */,
				211C26282A2E526400D57303 /* Preview Content */,
			);
			path = DoggieGallery;
			sourceTree = "<group>";
		};
		211C26282A2E526400D57303 /* Preview Content */ = {
			isa = PBXGroup;
			children = (
				211C26292A2E526400D57303 /* Preview Assets.xcassets */,
			);
			path = "Preview Content";
			sourceTree = "<group>";
		};
		211C26302A2E645500D57303 /* Models */ = {
			isa = PBXGroup;
			children = (
				211C26392A2E801C00D57303 /* BreedAPIModels.swift */,
			);
			path = Models;
			sourceTree = "<group>";
		};
		211C26312A2E64A200D57303 /* Views */ = {
			isa = PBXGroup;
			children = (
				211C26332A2E64FF00D57303 /* TabBarView.swift */,
				211C26352A2E651E00D57303 /* BreedListView.swift */,
				211C263D2A2E8E9600D57303 /* BreedDetailView.swift */,
				211C26372A2E711300D57303 /* FavoriteListView.swift */,
			);
			path = Views;
			sourceTree = "<group>";
		};
		211C26322A2E64AA00D57303 /* ViewModels */ = {
			isa = PBXGroup;
			children = (
				211C263B2A2E8A0300D57303 /* BreedListViewModel.swift */,
				21E91D112A2EC4BE00FF95F2 /* BreedDetailViewModel.swift */,
				21E91D132A2F38FA00FF95F2 /* FavoriteListViewModel.swift */,
			);
			path = ViewModels;
			sourceTree = "<group>";
		};
/* End PBXGroup section */

/* Begin PBXNativeTarget section */
		211C261E2A2E525E00D57303 /* DoggieGallery */ = {
			isa = PBXNativeTarget;
			buildConfigurationList = 211C262D2A2E526400D57303 /* Build configuration list for PBXNativeTarget "DoggieGallery" */;
			buildPhases = (
				211C261B2A2E525E00D57303 /* Sources */,
				211C261C2A2E525E00D57303 /* Frameworks */,
				211C261D2A2E525E00D57303 /* Resources */,
			);
			buildRules = (
			);
			dependencies = (
			);
			name = DoggieGallery;
			productName = DoggieGallery;
			productReference = 211C261F2A2E525E00D57303 /* DoggieGallery.app */;
			productType = "com.apple.product-type.application";
		};
/* End PBXNativeTarget section */

/* Begin PBXProject section */
		211C26172A2E525E00D57303 /* Project object */ = {
			isa = PBXProject;
			attributes = {
				BuildIndependentTargetsInParallel = 1;
				LastSwiftUpdateCheck = 1420;
				LastUpgradeCheck = 1420;
				TargetAttributes = {
					211C261E2A2E525E00D57303 = {
						CreatedOnToolsVersion = 14.2;
					};
				};
			};
			buildConfigurationList = 211C261A2A2E525E00D57303 /* Build configuration list for PBXProject "DoggieGallery" */;
			compatibilityVersion = "Xcode 14.0";
			developmentRegion = en;
			hasScannedForEncodings = 0;
			knownRegions = (
				en,
				Base,
			);
			mainGroup = 211C26162A2E525E00D57303;
			productRefGroup = 211C26202A2E525E00D57303 /* Products */;
			projectDirPath = "";
			projectRoot = "";
			targets = (
				211C261E2A2E525E00D57303 /* DoggieGallery */,
			);
		};
/* End PBXProject section */

/* Begin PBXResourcesBuildPhase section */
		211C261D2A2E525E00D57303 /* Resources */ = {
			isa = PBXResourcesBuildPhase;
			buildActionMask = 2147483647;
			files = (
				211C262A2A2E526400D57303 /* Preview Assets.xcassets in Resources */,
				211C26272A2E526400D57303 /* Assets.xcassets in Resources */,
			);
			runOnlyForDeploymentPostprocessing = 0;
		};
/* End PBXResourcesBuildPhase section */

/* Begin PBXSourcesBuildPhase section */
		211C261B2A2E525E00D57303 /* Sources */ = {
			isa = PBXSourcesBuildPhase;
			buildActionMask = 2147483647;
			files = (
				211C26382A2E711300D57303 /* FavoriteListView.swift in Sources */,
				211C26342A2E64FF00D57303 /* TabBarView.swift in Sources */,
				211C263A2A2E801C00D57303 /* BreedAPIModels.swift in Sources */,
				211C263E2A2E8E9600D57303 /* BreedDetailView.swift in Sources */,
				211C263C2A2E8A0300D57303 /* BreedListViewModel.swift in Sources */,
				211C26232A2E525E00D57303 /* DoggieGalleryApp.swift in Sources */,
				21E91D142A2F38FA00FF95F2 /* FavoriteListViewModel.swift in Sources */,
				21E91D122A2EC4BE00FF95F2 /* BreedDetailViewModel.swift in Sources */,
				211C26362A2E651E00D57303 /* BreedListView.swift in Sources */,
			);
			runOnlyForDeploymentPostprocessing = 0;
		};
/* End PBXSourcesBuildPhase section */

/* Begin XCBuildConfiguration section */
		211C262B2A2E526400D57303 /* Debug */ = {
			isa = XCBuildConfiguration;
			buildSettings = {
				ALWAYS_SEARCH_USER_PATHS = NO;
				CLANG_ANALYZER_NONNULL = YES;
				CLANG_ANALYZER_NUMBER_OBJECT_CONVERSION = YES_AGGRESSIVE;
				CLANG_CXX_LANGUAGE_STANDARD = "gnu++20";
				CLANG_ENABLE_MODULES = YES;
				CLANG_ENABLE_OBJC_ARC = YES;
				CLANG_ENABLE_OBJC_WEAK = YES;
				CLANG_WARN_BLOCK_CAPTURE_AUTORELEASING = YES;
				CLANG_WARN_BOOL_CONVERSION = YES;
				CLANG_WARN_COMMA = YES;
				CLANG_WARN_CONSTANT_CONVERSION = YES;
				CLANG_WARN_DEPRECATED_OBJC_IMPLEMENTATIONS = YES;
				CLANG_WARN_DIRECT_OBJC_ISA_USAGE = YES_ERROR;
				CLANG_WARN_DOCUMENTATION_COMMENTS = YES;
				CLANG_WARN_EMPTY_BODY = YES;
				CLANG_WARN_ENUM_CONVERSION = YES;
				CLANG_WARN_INFINITE_RECURSION = YES;
				CLANG_WARN_INT_CONVERSION = YES;
				CLANG_WARN_NON_LITERAL_NULL_CONVERSION = YES;
				CLANG_WARN_OBJC_IMPLICIT_RETAIN_SELF = YES;
				CLANG_WARN_OBJC_LITERAL_CONVERSION = YES;
				CLANG_WARN_OBJC_ROOT_CLASS = YES_ERROR;
				CLANG_WARN_QUOTED_INCLUDE_IN_FRAMEWORK_HEADER = YES;
				CLANG_WARN_RANGE_LOOP_ANALYSIS = YES;
				CLANG_WARN_STRICT_PROTOTYPES = YES;
				CLANG_WARN_SUSPICIOUS_MOVE = YES;
				CLANG_WARN_UNGUARDED_AVAILABILITY = YES_AGGRESSIVE;
				CLANG_WARN_UNREACHABLE_CODE = YES;
				CLANG_WARN__DUPLICATE_METHOD_MATCH = YES;
				COPY_PHASE_STRIP = NO;
				DEBUG_INFORMATION_FORMAT = dwarf;
				ENABLE_STRICT_OBJC_MSGSEND = YES;
				ENABLE_TESTABILITY = YES;
				GCC_C_LANGUAGE_STANDARD = gnu11;
				GCC_DYNAMIC_NO_PIC = NO;
				GCC_NO_COMMON_BLOCKS = YES;
				GCC_OPTIMIZATION_LEVEL = 0;
				GCC_PREPROCESSOR_DEFINITIONS = (
					"DEBUG=1",
					"$(inherited)",
				);
				GCC_WARN_64_TO_32_BIT_CONVERSION = YES;
				GCC_WARN_ABOUT_RETURN_TYPE = YES_ERROR;
				GCC_WARN_UNDECLARED_SELECTOR = YES;
				GCC_WARN_UNINITIALIZED_AUTOS = YES_AGGRESSIVE;
				GCC_WARN_UNUSED_FUNCTION = YES;
				GCC_WARN_UNUSED_VARIABLE = YES;
				IPHONEOS_DEPLOYMENT_TARGET = 16.2;
				MTL_ENABLE_DEBUG_INFO = INCLUDE_SOURCE;
				MTL_FAST_MATH = YES;
				ONLY_ACTIVE_ARCH = YES;
				SDKROOT = iphoneos;
				SWIFT_ACTIVE_COMPILATION_CONDITIONS = DEBUG;
				SWIFT_OPTIMIZATION_LEVEL = "-Onone";
			};
			name = Debug;
		};
		211C262C2A2E526400D57303 /* Release */ = {
			isa = XCBuildConfiguration;
			buildSettings = {
				ALWAYS_SEARCH_USER_PATHS = NO;
				CLANG_ANALYZER_NONNULL = YES;
				CLANG_ANALYZER_NUMBER_OBJECT_CONVERSION = YES_AGGRESSIVE;
				CLANG_CXX_LANGUAGE_STANDARD = "gnu++20";
				CLANG_ENABLE_MODULES = YES;
				CLANG_ENABLE_OBJC_ARC = YES;
				CLANG_ENABLE_OBJC_WEAK = YES;
				CLANG_WARN_BLOCK_CAPTURE_AUTORELEASING = YES;
				CLANG_WARN_BOOL_CONVERSION = YES;
				CLANG_WARN_COMMA = YES;
				CLANG_WARN_CONSTANT_CONVERSION = YES;
				CLANG_WARN_DEPRECATED_OBJC_IMPLEMENTATIONS = YES;
				CLANG_WARN_DIRECT_OBJC_ISA_USAGE = YES_ERROR;
				CLANG_WARN_DOCUMENTATION_COMMENTS = YES;
				CLANG_WARN_EMPTY_BODY = YES;
				CLANG_WARN_ENUM_CONVERSION = YES;
				CLANG_WARN_INFINITE_RECURSION = YES;
				CLANG_WARN_INT_CONVERSION = YES;
				CLANG_WARN_NON_LITERAL_NULL_CONVERSION = YES;
				CLANG_WARN_OBJC_IMPLICIT_RETAIN_SELF = YES;
				CLANG_WARN_OBJC_LITERAL_CONVERSION = YES;
				CLANG_WARN_OBJC_ROOT_CLASS = YES_ERROR;
				CLANG_WARN_QUOTED_INCLUDE_IN_FRAMEWORK_HEADER = YES;
				CLANG_WARN_RANGE_LOOP_ANALYSIS = YES;
				CLANG_WARN_STRICT_PROTOTYPES = YES;
				CLANG_WARN_SUSPICIOUS_MOVE = YES;
				CLANG_WARN_UNGUARDED_AVAILABILITY = YES_AGGRESSIVE;
				CLANG_WARN_UNREACHABLE_CODE = YES;
				CLANG_WARN__DUPLICATE_METHOD_MATCH = YES;
				COPY_PHASE_STRIP = NO;
				DEBUG_INFORMATION_FORMAT = "dwarf-with-dsym";
				ENABLE_NS_ASSERTIONS = NO;
				ENABLE_STRICT_OBJC_MSGSEND = YES;
				GCC_C_LANGUAGE_STANDARD = gnu11;
				GCC_NO_COMMON_BLOCKS = YES;
				GCC_WARN_64_TO_32_BIT_CONVERSION = YES;
				GCC_WARN_ABOUT_RETURN_TYPE = YES_ERROR;
				GCC_WARN_UNDECLARED_SELECTOR = YES;
				GCC_WARN_UNINITIALIZED_AUTOS = YES_AGGRESSIVE;
				GCC_WARN_UNUSED_FUNCTION = YES;
				GCC_WARN_UNUSED_VARIABLE = YES;
				IPHONEOS_DEPLOYMENT_TARGET = 16.2;
				MTL_ENABLE_DEBUG_INFO = NO;
				MTL_FAST_MATH = YES;
				SDKROOT = iphoneos;
				SWIFT_COMPILATION_MODE = wholemodule;
				SWIFT_OPTIMIZATION_LEVEL = "-O";
				VALIDATE_PRODUCT = YES;
			};
			name = Release;
		};
		211C262E2A2E526400D57303 /* Debug */ = {
			isa = XCBuildConfiguration;
			buildSettings = {
				ASSETCATALOG_COMPILER_APPICON_NAME = AppIcon;
				ASSETCATALOG_COMPILER_GLOBAL_ACCENT_COLOR_NAME = AccentColor;
				CODE_SIGN_STYLE = Automatic;
				CURRENT_PROJECT_VERSION = 1;
				DEVELOPMENT_ASSET_PATHS = "\"DoggieGallery/Preview Content\"";
				ENABLE_PREVIEWS = YES;
				GENERATE_INFOPLIST_FILE = YES;
				INFOPLIST_KEY_UIApplicationSceneManifest_Generation = YES;
				INFOPLIST_KEY_UIApplicationSupportsIndirectInputEvents = YES;
				INFOPLIST_KEY_UILaunchScreen_Generation = YES;
				INFOPLIST_KEY_UISupportedInterfaceOrientations_iPad = "UIInterfaceOrientationPortrait UIInterfaceOrientationPortraitUpsideDown UIInterfaceOrientationLandscapeLeft UIInterfaceOrientationLandscapeRight";
				INFOPLIST_KEY_UISupportedInterfaceOrientations_iPhone = "UIInterfaceOrientationPortrait UIInterfaceOrientationLandscapeLeft UIInterfaceOrientationLandscapeRight";
				LD_RUNPATH_SEARCH_PATHS = (
					"$(inherited)",
					"@executable_path/Frameworks",
				);
				MARKETING_VERSION = 1.0;
				PRODUCT_BUNDLE_IDENTIFIER = io.github.kvelazco.DoggieGallery;
				PRODUCT_NAME = "$(TARGET_NAME)";
				SWIFT_EMIT_LOC_STRINGS = YES;
				SWIFT_VERSION = 5.0;
				TARGETED_DEVICE_FAMILY = "1,2";
			};
			name = Debug;
		};
		211C262F2A2E526400D57303 /* Release */ = {
			isa = XCBuildConfiguration;
			buildSettings = {
				ASSETCATALOG_COMPILER_APPICON_NAME = AppIcon;
				ASSETCATALOG_COMPILER_GLOBAL_ACCENT_COLOR_NAME = AccentColor;
				CODE_SIGN_STYLE = Automatic;
				CURRENT_PROJECT_VERSION = 1;
				DEVELOPMENT_ASSET_PATHS = "\"DoggieGallery/Preview Content\"";
				ENABLE_PREVIEWS = YES;
				GENERATE_INFOPLIST_FILE = YES;
				INFOPLIST_KEY_UIApplicationSceneManifest_Generation = YES;
				INFOPLIST_KEY_UIApplicationSupportsIndirectInputEvents = YES;
				INFOPLIST_KEY_UILaunchScreen_Generation = YES;
				INFOPLIST_KEY_UISupportedInterfaceOrientations_iPad = "UIInterfaceOrientationPortrait UIInterfaceOrientationPortraitUpsideDown UIInterfaceOrientationLandscapeLeft UIInterfaceOrientationLandscapeRight";
				INFOPLIST_KEY_UISupportedInterfaceOrientations_iPhone = "UIInterfaceOrientationPortrait UIInterfaceOrientationLandscapeLeft UIInterfaceOrientationLandscapeRight";
				LD_RUNPATH_SEARCH_PATHS = (
					"$(inherited)",
					"@executable_path/Frameworks",
				);
				MARKETING_VERSION = 1.0;
				PRODUCT_BUNDLE_IDENTIFIER = io.github.kvelazco.DoggieGallery;
				PRODUCT_NAME = "$(TARGET_NAME)";
				SWIFT_EMIT_LOC_STRINGS = YES;
				SWIFT_VERSION = 5.0;
				TARGETED_DEVICE_FAMILY = "1,2";
			};
			name = Release;
		};
/* End XCBuildConfiguration section */

/* Begin XCConfigurationList section */
		211C261A2A2E525E00D57303 /* Build configuration list for PBXProject "DoggieGallery" */ = {
			isa = XCConfigurationList;
			buildConfigurations = (
				211C262B2A2E526400D57303 /* Debug */,
				211C262C2A2E526400D57303 /* Release */,
			);
			defaultConfigurationIsVisible = 0;
			defaultConfigurationName = Release;
		};
		211C262D2A2E526400D57303 /* Build configuration list for PBXNativeTarget "DoggieGallery" */ = {
			isa = XCConfigurationList;
			buildConfigurations = (
				211C262E2A2E526400D57303 /* Debug */,
				211C262F2A2E526400D57303 /* Release */,
			);
			defaultConfigurationIsVisible = 0;
			defaultConfigurationName = Release;
		};
/* End XCConfigurationList section */
	};
	rootObject = 211C26172A2E525E00D57303 /* Project object */;
}
